<?xml version="1.0" encoding="utf-8"?>
<Project ToolsVersion="4.0" xmlns="http://schemas.microsoft.com/developer/msbuild/2003">
  <ItemGroup>
    <Filter Include="ソース ファイル">
      <UniqueIdentifier>{4FC737F1-C7A5-4376-A066-2A32D752A2FF}</UniqueIdentifier>
      <Extensions>cpp;c;cc;cxx;def;odl;idl;hpj;bat;asm;asmx</Extensions>
    </Filter>
    <Filter Include="ヘッダー ファイル">
      <UniqueIdentifier>{93995380-89BD-4b04-88EB-625FBE52EBFB}</UniqueIdentifier>
      <Extensions>h;hh;hpp;hxx;hm;inl;inc;xsd</Extensions>
    </Filter>
    <Filter Include="リソース ファイル">
      <UniqueIdentifier>{67DA6AB6-F800-4c08-8B7A-83BB121AAD01}</UniqueIdentifier>
      <Extensions>rc;ico;cur;bmp;dlg;rc2;rct;bin;rgs;gif;jpg;jpeg;jpe;resx;tiff;tif;png;wav;mfcribbon-ms</Extensions>
    </Filter>
    <Filter Include="ソース ファイル\IMGUI">
      <UniqueIdentifier>{c9629b54-953e-488b-b007-b19f21604ff1}</UniqueIdentifier>
    </Filter>
    <Filter Include="ヘッダー ファイル\IMGUI">
      <UniqueIdentifier>{5fdbe41d-8fca-4589-8401-0cf4d1eb3919}</UniqueIdentifier>
    </Filter>
    <Filter Include="ソース ファイル\Buffer">
      <UniqueIdentifier>{4c327cb1-f37b-4c12-8aff-00e07756917e}</UniqueIdentifier>
    </Filter>
    <Filter Include="ソース ファイル\Buffer\RenderTarget">
      <UniqueIdentifier>{779674f7-7b0d-4419-84eb-fc30650c4a6f}</UniqueIdentifier>
    </Filter>
    <Filter Include="ヘッダー ファイル\Pool">
      <UniqueIdentifier>{c0f5f784-af6a-410b-8d42-8a43803ed9e2}</UniqueIdentifier>
    </Filter>
    <Filter Include="ソース ファイル\Pool">
      <UniqueIdentifier>{e743779e-5f97-4df6-924b-808762b37df6}</UniqueIdentifier>
    </Filter>
    <Filter Include="ヘッダー ファイル\GameObject">
      <UniqueIdentifier>{95254a0b-7312-450f-94c0-06fef8b9fe2a}</UniqueIdentifier>
    </Filter>
    <Filter Include="ソース ファイル\GameObject">
      <UniqueIdentifier>{8ccdbc24-0500-46bb-aa2a-347e7b7404df}</UniqueIdentifier>
    </Filter>
    <Filter Include="ソース ファイル\Utils">
      <UniqueIdentifier>{f1e85ea8-985e-4460-bb5a-a48418707d73}</UniqueIdentifier>
    </Filter>
    <Filter Include="ヘッダー ファイル\Utils">
      <UniqueIdentifier>{e62dc46f-c867-4a81-ad78-acbf61e21c16}</UniqueIdentifier>
    </Filter>
    <Filter Include="ソース ファイル\Buffer\Resource">
      <UniqueIdentifier>{57387c7e-6766-4b96-b787-0788b3a7ca0b}</UniqueIdentifier>
    </Filter>
    <Filter Include="ソース ファイル\Buffer\CommonBuffer">
      <UniqueIdentifier>{d4aa179a-5404-49b5-8ef1-19ea9630832b}</UniqueIdentifier>
    </Filter>
    <Filter Include="ソース ファイル\Buffer\Resource\Sky">
      <UniqueIdentifier>{73e3022d-3678-4c78-876f-05b287e39445}</UniqueIdentifier>
    </Filter>
    <Filter Include="ヘッダー ファイル\Buffer">
      <UniqueIdentifier>{40bda6f4-b29c-4872-900f-a16c0a934c17}</UniqueIdentifier>
    </Filter>
    <Filter Include="ヘッダー ファイル\Buffer\RenderTarget">
      <UniqueIdentifier>{3a89d639-e696-46b7-ba16-b7a7009d5faf}</UniqueIdentifier>
    </Filter>
    <Filter Include="ヘッダー ファイル\Buffer\Resource">
      <UniqueIdentifier>{824c01af-391e-4e7d-aa31-d37c1efadcd7}</UniqueIdentifier>
    </Filter>
    <Filter Include="ヘッダー ファイル\Buffer\CommonBuffer">
      <UniqueIdentifier>{4b51e6cd-ce96-406b-bd9f-3a01fae1c01d}</UniqueIdentifier>
    </Filter>
    <Filter Include="ヘッダー ファイル\Component">
      <UniqueIdentifier>{4583a2f9-4df7-453b-a70d-ccce82ef7352}</UniqueIdentifier>
    </Filter>
    <Filter Include="ソース ファイル\Component">
      <UniqueIdentifier>{2785df0d-ca4a-41d0-b6ca-2ab02fea2117}</UniqueIdentifier>
    </Filter>
    <Filter Include="ソース ファイル\Renderer">
      <UniqueIdentifier>{6584267c-204c-48f6-9bee-db0a2cfb04fc}</UniqueIdentifier>
    </Filter>
    <Filter Include="ヘッダー ファイル\Renderer">
      <UniqueIdentifier>{7dda2e49-5d7b-4715-968e-009807601a7a}</UniqueIdentifier>
    </Filter>
    <Filter Include="ヘッダー ファイル\Renderer\Sky">
      <UniqueIdentifier>{92720798-a494-4257-a8e2-317860ef0f0d}</UniqueIdentifier>
    </Filter>
  </ItemGroup>
  <ItemGroup>
    <ClCompile Include="..\src\App.cpp">
      <Filter>ソース ファイル</Filter>
    </ClCompile>
    <ClCompile Include="..\src\imgui_impl_dx12.cpp">
      <Filter>ソース ファイル\IMGUI</Filter>
    </ClCompile>
    <ClCompile Include="..\src\imgui_draw.cpp">
      <Filter>ソース ファイル\IMGUI</Filter>
    </ClCompile>
    <ClCompile Include="..\src\imgui.cpp">
      <Filter>ソース ファイル\IMGUI</Filter>
    </ClCompile>
    <ClCompile Include="..\src\imgui_impl_win32.cpp">
      <Filter>ソース ファイル\IMGUI</Filter>
    </ClCompile>
    <ClCompile Include="..\src\imgui_tables.cpp">
      <Filter>ソース ファイル\IMGUI</Filter>
    </ClCompile>
    <ClCompile Include="..\src\imgui_widgets.cpp">
      <Filter>ソース ファイル\IMGUI</Filter>
    </ClCompile>
    <ClCompile Include="..\src\Mesh.cpp">
      <Filter>ソース ファイル\Buffer\Resource</Filter>
    </ClCompile>
    <ClCompile Include="..\src\Material.cpp">
      <Filter>ソース ファイル\Buffer\Resource</Filter>
    </ClCompile>
    <ClCompile Include="..\src\Texture.cpp">
      <Filter>ソース ファイル\Buffer\Resource</Filter>
    </ClCompile>
    <ClCompile Include="..\src\ColorTarget.cpp">
      <Filter>ソース ファイル\Buffer\RenderTarget</Filter>
    </ClCompile>
    <ClCompile Include="..\src\DepthTarget.cpp">
      <Filter>ソース ファイル\Buffer\RenderTarget</Filter>
    </ClCompile>
    <ClCompile Include="..\src\IndexBuffer.cpp">
      <Filter>ソース ファイル\Buffer</Filter>
    </ClCompile>
    <ClCompile Include="..\src\VertexBuffer.cpp">
      <Filter>ソース ファイル\Buffer</Filter>
    </ClCompile>
    <ClCompile Include="..\src\ConstantBuffer.cpp">
      <Filter>ソース ファイル\Buffer</Filter>
    </ClCompile>
    <ClCompile Include="..\src\DescriptorPool.cpp">
      <Filter>ソース ファイル\Pool</Filter>
    </ClCompile>
    <ClCompile Include="..\src\Camera.cpp">
      <Filter>ソース ファイル\GameObject</Filter>
    </ClCompile>
    <ClCompile Include="..\src\CommandList.cpp">
      <Filter>ソース ファイル\Buffer</Filter>
    </ClCompile>
    <ClCompile Include="..\src\Fence.cpp">
      <Filter>ソース ファイル\Buffer</Filter>
    </ClCompile>
    <ClCompile Include="..\src\RootSignature.cpp">
      <Filter>ソース ファイル\Buffer</Filter>
    </ClCompile>
    <ClCompile Include="..\src\FileUtil.cpp">
      <Filter>ソース ファイル\Utils</Filter>
    </ClCompile>
    <ClCompile Include="..\src\Logger.cpp">
      <Filter>ソース ファイル\Utils</Filter>
    </ClCompile>
    <ClCompile Include="..\src\ResMesh.cpp">
      <Filter>ソース ファイル\Buffer\Resource</Filter>
    </ClCompile>
    <ClCompile Include="..\src\ModelShader.cpp">
      <Filter>ソース ファイル\Buffer\Resource</Filter>
    </ClCompile>
    <ClCompile Include="..\src\CommonBufferManager.cpp">
      <Filter>ソース ファイル\Buffer\CommonBuffer</Filter>
    </ClCompile>
    <ClCompile Include="..\src\CommonRTVManager.cpp">
      <Filter>ソース ファイル\Buffer\CommonBuffer</Filter>
    </ClCompile>
    <ClCompile Include="..\src\IBLBaker.cpp">
      <Filter>ソース ファイル\Buffer\Resource\Sky</Filter>
    </ClCompile>
    <ClCompile Include="..\src\SkyBox.cpp">
      <Filter>ソース ファイル\Buffer\Resource\Sky</Filter>
    </ClCompile>
    <ClCompile Include="..\src\SkyTextureManager.cpp">
      <Filter>ソース ファイル\Buffer\Resource\Sky</Filter>
    </ClCompile>
    <ClCompile Include="..\src\SphereMapConverter.cpp">
      <Filter>ソース ファイル\Buffer\Resource\Sky</Filter>
    </ClCompile>
    <ClCompile Include="..\src\ResourceManager.cpp">
      <Filter>ソース ファイル\Buffer</Filter>
    </ClCompile>
    <ClCompile Include="..\src\GameObject.cpp">
      <Filter>ソース ファイル\GameObject</Filter>
    </ClCompile>
    <ClCompile Include="..\src\TransformComponent.cpp">
      <Filter>ソース ファイル\Component</Filter>
    </ClCompile>
    <ClCompile Include="..\src\ModelLoader.cpp">
      <Filter>ソース ファイル</Filter>
    </ClCompile>
    <ClCompile Include="..\src\ShadowMap.cpp">
      <Filter>ソース ファイル\Renderer</Filter>
    </ClCompile>
    <ClCompile Include="..\src\Renderer.cpp">
      <Filter>ソース ファイル\Renderer</Filter>
    </ClCompile>
  </ItemGroup>
  <ItemGroup>
    <ClInclude Include="..\include\App.h">
      <Filter>ヘッダー ファイル</Filter>
    </ClInclude>
    <ClInclude Include="..\include\imgui.h">
      <Filter>ヘッダー ファイル\IMGUI</Filter>
    </ClInclude>
    <ClInclude Include="..\include\imgui_internal.h">
      <Filter>ヘッダー ファイル\IMGUI</Filter>
    </ClInclude>
    <ClInclude Include="..\include\imstb_rectpack.h">
      <Filter>ヘッダー ファイル\IMGUI</Filter>
    </ClInclude>
    <ClInclude Include="..\include\imstb_textedit.h">
      <Filter>ヘッダー ファイル\IMGUI</Filter>
    </ClInclude>
    <ClInclude Include="..\include\imstb_truetype.h">
      <Filter>ヘッダー ファイル\IMGUI</Filter>
    </ClInclude>
    <ClInclude Include="..\include\imconfig.h">
      <Filter>ヘッダー ファイル\IMGUI</Filter>
    </ClInclude>
    <ClInclude Include="..\include\imgui_impl_dx12.h">
      <Filter>ヘッダー ファイル\IMGUI</Filter>
    </ClInclude>
    <ClInclude Include="..\include\imgui_impl_win32.h">
      <Filter>ヘッダー ファイル\IMGUI</Filter>
    </ClInclude>
    <ClInclude Include="..\include\Mesh.h">
      <Filter>ヘッダー ファイル\Buffer\Resource</Filter>
    </ClInclude>
    <ClInclude Include="..\include\Texture.h">
      <Filter>ヘッダー ファイル\Buffer\Resource</Filter>
    </ClInclude>
    <ClInclude Include="..\include\Material.h">
      <Filter>ヘッダー ファイル\Buffer\Resource</Filter>
    </ClInclude>
    <ClInclude Include="..\include\ColorTarget.h">
      <Filter>ヘッダー ファイル\Buffer\RenderTarget</Filter>
    </ClInclude>
    <ClInclude Include="..\include\DepthTarget.h">
      <Filter>ヘッダー ファイル\Buffer\RenderTarget</Filter>
    </ClInclude>
    <ClInclude Include="..\include\ConstantBuffer.h">
      <Filter>ヘッダー ファイル\Buffer</Filter>
    </ClInclude>
    <ClInclude Include="..\include\IndexBuffer.h">
      <Filter>ヘッダー ファイル\Buffer</Filter>
    </ClInclude>
    <ClInclude Include="..\include\VertexBuffer.h">
      <Filter>ヘッダー ファイル\Buffer</Filter>
    </ClInclude>
    <ClInclude Include="..\include\DescriptorPool.h">
      <Filter>ヘッダー ファイル\Pool</Filter>
    </ClInclude>
    <ClInclude Include="..\include\Pool.h">
      <Filter>ヘッダー ファイル\Pool</Filter>
    </ClInclude>
    <ClInclude Include="..\include\Camera.h">
      <Filter>ヘッダー ファイル\GameObject</Filter>
    </ClInclude>
    <ClInclude Include="..\include\RootSignature.h">
      <Filter>ヘッダー ファイル\Buffer</Filter>
    </ClInclude>
    <ClInclude Include="..\include\CommandList.h">
      <Filter>ヘッダー ファイル\Buffer</Filter>
    </ClInclude>
    <ClInclude Include="..\include\Fence.h">
      <Filter>ヘッダー ファイル\Buffer</Filter>
    </ClInclude>
    <ClInclude Include="..\include\FileUtil.h">
      <Filter>ヘッダー ファイル\Utils</Filter>
    </ClInclude>
    <ClInclude Include="..\include\InlineUtil.h">
      <Filter>ヘッダー ファイル\Utils</Filter>
    </ClInclude>
    <ClInclude Include="..\include\Logger.h">
      <Filter>ヘッダー ファイル\Utils</Filter>
    </ClInclude>
    <ClInclude Include="..\include\ComPtr.h">
      <Filter>ヘッダー ファイル\Utils</Filter>
    </ClInclude>
    <ClInclude Include="..\include\ResMesh.h">
      <Filter>ヘッダー ファイル\Buffer\Resource</Filter>
    </ClInclude>
    <ClInclude Include="..\include\ModelShader.h">
      <Filter>ヘッダー ファイル\Buffer\Resource</Filter>
    </ClInclude>
    <ClInclude Include="..\include\CommonBufferManager.h">
      <Filter>ヘッダー ファイル\Buffer\CommonBuffer</Filter>
    </ClInclude>
    <ClInclude Include="..\include\CommonRTVManager.h">
      <Filter>ヘッダー ファイル\Buffer\CommonBuffer</Filter>
    </ClInclude>
    <ClInclude Include="..\include\IBLBaker.h">
      <Filter>ヘッダー ファイル\Renderer\Sky</Filter>
    </ClInclude>
    <ClInclude Include="..\include\SkyBox.h">
      <Filter>ヘッダー ファイル\Renderer\Sky</Filter>
    </ClInclude>
    <ClInclude Include="..\include\SkyTextureManager.h">
      <Filter>ヘッダー ファイル\Renderer\Sky</Filter>
    </ClInclude>
    <ClInclude Include="..\include\SphereMapConverter.h">
      <Filter>ヘッダー ファイル\Renderer\Sky</Filter>
    </ClInclude>
    <ClInclude Include="..\include\ResourceManager.h">
      <Filter>ヘッダー ファイル\Buffer</Filter>
    </ClInclude>
    <ClInclude Include="..\include\GameObject.h">
      <Filter>ヘッダー ファイル\GameObject</Filter>
    </ClInclude>
    <ClInclude Include="..\include\Component.h">
      <Filter>ヘッダー ファイル\Component</Filter>
    </ClInclude>
    <ClInclude Include="..\include\TransformComponent.h">
      <Filter>ヘッダー ファイル\Component</Filter>
    </ClInclude>
    <ClInclude Include="..\include\MakeRandom.h">
      <Filter>ヘッダー ファイル\Utils</Filter>
    </ClInclude>
    <ClInclude Include="..\include\ModelLoader.h">
      <Filter>ヘッダー ファイル</Filter>
    </ClInclude>
    <ClInclude Include="..\include\ShadowMap.h">
      <Filter>ヘッダー ファイル\Renderer</Filter>
    </ClInclude>
    <ClInclude Include="..\include\PostEffect.h">
      <Filter>ヘッダー ファイル\Renderer</Filter>
    </ClInclude>
    <ClInclude Include="..\include\Renderer.h">
      <Filter>ヘッダー ファイル\Renderer</Filter>
    </ClInclude>
  </ItemGroup>
  <ItemGroup>
    <FxCompile Include="..\res\Shader\GuiVS.hlsl">
      <Filter>リソース ファイル</Filter>
    </FxCompile>
    <FxCompile Include="..\res\Shader\GuiPS.hlsl">
      <Filter>リソース ファイル</Filter>
    </FxCompile>
  </ItemGroup>
  <ItemGroup>
    <None Include="packages.config" />
  </ItemGroup>
</Project>