<?xml version="1.0" encoding="utf-8"?>
<Project ToolsVersion="4.0" xmlns="http://schemas.microsoft.com/developer/msbuild/2003">
  <ItemGroup>
    <Filter Include="ソース ファイル">
      <UniqueIdentifier>{4FC737F1-C7A5-4376-A066-2A32D752A2FF}</UniqueIdentifier>
      <Extensions>cpp;c;cc;cxx;def;odl;idl;hpj;bat;asm;asmx</Extensions>
    </Filter>
    <Filter Include="ヘッダー ファイル">
      <UniqueIdentifier>{93995380-89BD-4b04-88EB-625FBE52EBFB}</UniqueIdentifier>
      <Extensions>h;hh;hpp;hxx;hm;inl;inc;xsd</Extensions>
    </Filter>
    <Filter Include="リソース ファイル">
      <UniqueIdentifier>{67DA6AB6-F800-4c08-8B7A-83BB121AAD01}</UniqueIdentifier>
      <Extensions>rc;ico;cur;bmp;dlg;rc2;rct;bin;rgs;gif;jpg;jpeg;jpe;resx;tiff;tif;png;wav;mfcribbon-ms</Extensions>
    </Filter>
    <Filter Include="ソース ファイル\PostProcess">
      <UniqueIdentifier>{da848004-08cd-4520-bd55-757d364be5ae}</UniqueIdentifier>
    </Filter>
    <Filter Include="ヘッダー ファイル\PostProcess">
      <UniqueIdentifier>{3603d9bc-9d2b-4b95-bee8-df839f916f2a}</UniqueIdentifier>
    </Filter>
    <Filter Include="リソース ファイル\Basic">
      <UniqueIdentifier>{59430246-2505-4bc7-8f36-95c72647b053}</UniqueIdentifier>
    </Filter>
    <Filter Include="リソース ファイル\IBL">
      <UniqueIdentifier>{6d6ef80f-87f6-4cad-9c38-b9355a1e4d32}</UniqueIdentifier>
    </Filter>
    <Filter Include="リソース ファイル\SkyBox">
      <UniqueIdentifier>{0a95d80c-a288-4a33-92a6-5e70985f019d}</UniqueIdentifier>
    </Filter>
    <Filter Include="リソース ファイル\Tonemap">
      <UniqueIdentifier>{c8d32c73-47ae-4d78-b82c-a0dee7b9e365}</UniqueIdentifier>
    </Filter>
    <Filter Include="リソース ファイル\Shadow">
      <UniqueIdentifier>{fecbafa5-7971-4e6f-8ecf-3718a52d777d}</UniqueIdentifier>
    </Filter>
  </ItemGroup>
  <ItemGroup>
    <ClCompile Include="..\src\main.cpp">
      <Filter>ソース ファイル</Filter>
    </ClCompile>
    <ClCompile Include="..\src\SampleApp.cpp">
      <Filter>ソース ファイル</Filter>
    </ClCompile>
    <ClCompile Include="..\src\ToneMap.cpp">
      <Filter>ソース ファイル\PostProcess</Filter>
    </ClCompile>
    <ClCompile Include="..\src\Shaders.cpp">
      <Filter>ソース ファイル</Filter>
    </ClCompile>
  </ItemGroup>
  <ItemGroup>
    <ClInclude Include="..\include\ToneMap.h">
      <Filter>ヘッダー ファイル\PostProcess</Filter>
    </ClInclude>
    <ClInclude Include="..\include\SampleApp.h">
      <Filter>ヘッダー ファイル</Filter>
    </ClInclude>
    <ClInclude Include="..\include\Materials.h">
      <Filter>ヘッダー ファイル</Filter>
    </ClInclude>
    <ClInclude Include="..\include\Shaders.h">
      <Filter>ヘッダー ファイル</Filter>
    </ClInclude>
  </ItemGroup>
  <ItemGroup>
    <None Include="..\res\BRDF.hlsli">
      <Filter>リソース ファイル</Filter>
    </None>
    <None Include="..\res\BakeUtil.hlsli">
      <Filter>リソース ファイル</Filter>
    </None>
    <None Include="packages.config" />
  </ItemGroup>
  <ItemGroup>
    <FxCompile Include="..\res\QuadVS.hlsl">
      <Filter>リソース ファイル</Filter>
    </FxCompile>
    <FxCompile Include="..\res\SphereToCubePS.hlsl">
      <Filter>リソース ファイル</Filter>
    </FxCompile>
    <FxCompile Include="..\res\SphereToCubeVS.hlsl">
      <Filter>リソース ファイル</Filter>
    </FxCompile>
    <FxCompile Include="..\res\BasicVS.hlsl">
      <Filter>リソース ファイル\Basic</Filter>
    </FxCompile>
    <FxCompile Include="..\res\BasicPS.hlsl">
      <Filter>リソース ファイル\Basic</Filter>
    </FxCompile>
    <FxCompile Include="..\res\IntegrateDFG_PS.hlsl">
      <Filter>リソース ファイル\IBL</Filter>
    </FxCompile>
    <FxCompile Include="..\res\IntegrateDiffuseLD_PS.hlsl">
      <Filter>リソース ファイル\IBL</Filter>
    </FxCompile>
    <FxCompile Include="..\res\IntegrateSpecularLD_PS.hlsl">
      <Filter>リソース ファイル\IBL</Filter>
    </FxCompile>
    <FxCompile Include="..\res\SkyBoxPS.hlsl">
      <Filter>リソース ファイル\SkyBox</Filter>
    </FxCompile>
    <FxCompile Include="..\res\SkyBoxVS.hlsl">
      <Filter>リソース ファイル\SkyBox</Filter>
    </FxCompile>
    <FxCompile Include="..\res\TonemapPS.hlsl">
      <Filter>リソース ファイル\Tonemap</Filter>
    </FxCompile>
    <FxCompile Include="DepthShadow.hlsl">
      <Filter>リソース ファイル\Shadow</Filter>
    </FxCompile>
  </ItemGroup>
</Project>