<?xml version="1.0" encoding="utf-8"?>
<Project ToolsVersion="4.0" xmlns="http://schemas.microsoft.com/developer/msbuild/2003">
  <ItemGroup>
    <Filter Include="ソース ファイル">
      <UniqueIdentifier>{4FC737F1-C7A5-4376-A066-2A32D752A2FF}</UniqueIdentifier>
      <Extensions>cpp;c;cc;cxx;def;odl;idl;hpj;bat;asm;asmx</Extensions>
    </Filter>
    <Filter Include="ヘッダー ファイル">
      <UniqueIdentifier>{93995380-89BD-4b04-88EB-625FBE52EBFB}</UniqueIdentifier>
      <Extensions>h;hh;hpp;hxx;hm;inl;inc;xsd</Extensions>
    </Filter>
    <Filter Include="リソース ファイル">
      <UniqueIdentifier>{67DA6AB6-F800-4c08-8B7A-83BB121AAD01}</UniqueIdentifier>
      <Extensions>rc;ico;cur;bmp;dlg;rc2;rct;bin;rgs;gif;jpg;jpeg;jpe;resx;tiff;tif;png;wav;mfcribbon-ms</Extensions>
    </Filter>
    <Filter Include="ソース ファイル\PostProcess">
      <UniqueIdentifier>{da848004-08cd-4520-bd55-757d364be5ae}</UniqueIdentifier>
    </Filter>
    <Filter Include="ヘッダー ファイル\PostProcess">
      <UniqueIdentifier>{3603d9bc-9d2b-4b95-bee8-df839f916f2a}</UniqueIdentifier>
    </Filter>
    <Filter Include="リソース ファイル\Common">
      <UniqueIdentifier>{b07f2df8-6206-4c97-ad5f-ebecadb3d88b}</UniqueIdentifier>
    </Filter>
    <Filter Include="リソース ファイル\PostProcess">
      <UniqueIdentifier>{e8c5d3f2-0df5-4dd3-8fe0-65b749a42e66}</UniqueIdentifier>
    </Filter>
    <Filter Include="リソース ファイル\PostProcess\Tonemap">
      <UniqueIdentifier>{c8d32c73-47ae-4d78-b82c-a0dee7b9e365}</UniqueIdentifier>
    </Filter>
    <Filter Include="リソース ファイル\PostProcess\Bloom">
      <UniqueIdentifier>{10b2b9ce-ec59-4447-b861-c4859f0b4c8c}</UniqueIdentifier>
    </Filter>
    <Filter Include="リソース ファイル\PostProcess\Bloom\ExtractHighIntensity">
      <UniqueIdentifier>{4d53b9f1-6820-468a-b2b7-3c17bf0fa390}</UniqueIdentifier>
    </Filter>
    <Filter Include="リソース ファイル\PostProcess\Bloom\GaussianFilter">
      <UniqueIdentifier>{ca31d837-917f-40fc-b6c9-c666ed40aaee}</UniqueIdentifier>
    </Filter>
    <Filter Include="リソース ファイル\PostProcess\Bloom\BloomComposition">
      <UniqueIdentifier>{9efd6b4d-9133-47d2-b357-c9485f71c5a6}</UniqueIdentifier>
    </Filter>
    <Filter Include="ヘッダー ファイル\PostProcess\Bloom">
      <UniqueIdentifier>{51dd194d-e053-4335-9a4e-9ac41cc6ab39}</UniqueIdentifier>
    </Filter>
    <Filter Include="ヘッダー ファイル\PostProcess\ToneMap">
      <UniqueIdentifier>{295c999e-533e-4295-96b2-c5b3e7bfd76f}</UniqueIdentifier>
    </Filter>
    <Filter Include="ヘッダー ファイル\PostProcess\Bloom\ExtractHighIntensity">
      <UniqueIdentifier>{326c9e8d-fa15-4ce8-968f-f114380ad521}</UniqueIdentifier>
    </Filter>
    <Filter Include="ヘッダー ファイル\PostProcess\Bloom\GaussianFilter">
      <UniqueIdentifier>{3b54baaf-2ccd-4ceb-913f-1d1a8e6a2ae6}</UniqueIdentifier>
    </Filter>
    <Filter Include="ヘッダー ファイル\PostProcess\Bloom\BloomComposition">
      <UniqueIdentifier>{d1fabb13-9753-49a1-8a16-d20d5271df23}</UniqueIdentifier>
    </Filter>
    <Filter Include="リソース ファイル\Bake">
      <UniqueIdentifier>{7c20e1d6-48eb-4086-9495-bf21513068f4}</UniqueIdentifier>
    </Filter>
    <Filter Include="リソース ファイル\Bake\IBL">
      <UniqueIdentifier>{6d6ef80f-87f6-4cad-9c38-b9355a1e4d32}</UniqueIdentifier>
    </Filter>
    <Filter Include="リソース ファイル\PreProcess">
      <UniqueIdentifier>{22520d3a-305f-4f8b-910f-ccde69e2f7d9}</UniqueIdentifier>
    </Filter>
    <Filter Include="リソース ファイル\PreProcess\Shadow">
      <UniqueIdentifier>{fecbafa5-7971-4e6f-8ecf-3718a52d777d}</UniqueIdentifier>
    </Filter>
    <Filter Include="リソース ファイル\Scene">
      <UniqueIdentifier>{9d401e45-06c7-43d9-9af3-c613b04da9e3}</UniqueIdentifier>
    </Filter>
    <Filter Include="リソース ファイル\Scene\Basic">
      <UniqueIdentifier>{59430246-2505-4bc7-8f36-95c72647b053}</UniqueIdentifier>
    </Filter>
    <Filter Include="リソース ファイル\Scene\SkyBox">
      <UniqueIdentifier>{0a95d80c-a288-4a33-92a6-5e70985f019d}</UniqueIdentifier>
    </Filter>
  </ItemGroup>
  <ItemGroup>
    <ClCompile Include="..\src\main.cpp">
      <Filter>ソース ファイル</Filter>
    </ClCompile>
    <ClCompile Include="..\src\SampleApp.cpp">
      <Filter>ソース ファイル</Filter>
    </ClCompile>
    <ClCompile Include="..\src\ToneMap.cpp">
      <Filter>ソース ファイル\PostProcess</Filter>
    </ClCompile>
    <ClCompile Include="..\src\Shaders.cpp">
      <Filter>ソース ファイル</Filter>
    </ClCompile>
  </ItemGroup>
  <ItemGroup>
    <ClInclude Include="..\include\SampleApp.h">
      <Filter>ヘッダー ファイル</Filter>
    </ClInclude>
    <ClInclude Include="..\include\Materials.h">
      <Filter>ヘッダー ファイル</Filter>
    </ClInclude>
    <ClInclude Include="..\include\Shaders.h">
      <Filter>ヘッダー ファイル</Filter>
    </ClInclude>
    <ClInclude Include="..\include\ToneMap.h">
      <Filter>ヘッダー ファイル\PostProcess\ToneMap</Filter>
    </ClInclude>
  </ItemGroup>
  <ItemGroup>
    <None Include="packages.config" />
    <None Include="..\res\CommonBuffer.hlsli">
      <Filter>リソース ファイル\Common</Filter>
    </None>
    <None Include="..\res\CommonLightBuffer.hlsli">
      <Filter>リソース ファイル\Common</Filter>
    </None>
    <None Include="..\res\VSCommonBuffer.hlsli">
      <Filter>リソース ファイル\Common</Filter>
    </None>
    <None Include="..\res\BRDF.hlsli">
      <Filter>リソース ファイル\Scene</Filter>
    </None>
    <None Include="..\res\BakeUtil.hlsli">
      <Filter>リソース ファイル\Bake</Filter>
    </None>
  </ItemGroup>
  <ItemGroup>
    <FxCompile Include="..\res\BasicVS.hlsl">
      <Filter>リソース ファイル\Scene\Basic</Filter>
    </FxCompile>
    <FxCompile Include="..\res\BasicPS.hlsl">
      <Filter>リソース ファイル\Scene\Basic</Filter>
    </FxCompile>
    <FxCompile Include="..\res\IntegrateDFG_PS.hlsl">
      <Filter>リソース ファイル\Bake\IBL</Filter>
    </FxCompile>
    <FxCompile Include="..\res\IntegrateDiffuseLD_PS.hlsl">
      <Filter>リソース ファイル\Bake\IBL</Filter>
    </FxCompile>
    <FxCompile Include="..\res\IntegrateSpecularLD_PS.hlsl">
      <Filter>リソース ファイル\Bake\IBL</Filter>
    </FxCompile>
    <FxCompile Include="..\res\SkyBoxPS.hlsl">
      <Filter>リソース ファイル\Scene\SkyBox</Filter>
    </FxCompile>
    <FxCompile Include="..\res\SkyBoxVS.hlsl">
      <Filter>リソース ファイル\Scene\SkyBox</Filter>
    </FxCompile>
    <FxCompile Include="..\res\TonemapPS.hlsl">
      <Filter>リソース ファイル\PostProcess\Tonemap</Filter>
    </FxCompile>
    <FxCompile Include="..\res\DepthShadow.hlsl">
      <Filter>リソース ファイル\PreProcess\Shadow</Filter>
    </FxCompile>
    <FxCompile Include="..\res\QuadVS.hlsl">
      <Filter>リソース ファイル\PostProcess</Filter>
    </FxCompile>
    <FxCompile Include="..\res\SphereToCubePS.hlsl">
      <Filter>リソース ファイル\Scene</Filter>
    </FxCompile>
    <FxCompile Include="..\res\SphereToCubeVS.hlsl">
      <Filter>リソース ファイル\Scene</Filter>
    </FxCompile>
  </ItemGroup>
</Project>